
Microsoft Visual Studio Solution File, Format Version 12.00
# Visual Studio 2013
VisualStudioVersion = 12.0.21005.1
MinimumVisualStudioVersion = 10.0.40219.1
Project("{FAE04EC0-301F-11D3-BF4B-00C04F79EFBC}") = "QBank", "QBank\QBank.csproj", "{554AEF2B-F443-4CC8-BC1E-5448882C2C06}"
EndProject
Project("{FAE04EC0-301F-11D3-BF4B-00C04F79EFBC}") = "Qrator.Common", "..\..\..\..\Desktop\Qrator\Qrator.Common\Qrator.Common.csproj", "{DC4EE03F-70E4-45BB-BF51-0E50030C8645}"
EndProject
Project("{FAE04EC0-301F-11D3-BF4B-00C04F79EFBC}") = "Qrator.ServerData", "..\..\..\..\Desktop\Qrator\Qrator.ServerData\Qrator.ServerData.csproj", "{EE0DAB2A-5379-4757-9F8F-9E3A36B9317A}"
EndProject
Global
	GlobalSection(SolutionConfigurationPlatforms) = preSolution
		Debug|Any CPU = Debug|Any CPU
		Release|Any CPU = Release|Any CPU
	EndGlobalSection
	GlobalSection(ProjectConfigurationPlatforms) = postSolution
		{554AEF2B-F443-4CC8-BC1E-5448882C2C06}.Debug|Any CPU.ActiveCfg = Debug|Any CPU
		{554AEF2B-F443-4CC8-BC1E-5448882C2C06}.Debug|Any CPU.Build.0 = Debug|Any CPU
		{554AEF2B-F443-4CC8-BC1E-5448882C2C06}.Release|Any CPU.ActiveCfg = Release|Any CPU
		{554AEF2B-F443-4CC8-BC1E-5448882C2C06}.Release|Any CPU.Build.0 = Release|Any CPU
		{DC4EE03F-70E4-45BB-BF51-0E50030C8645}.Debug|Any CPU.ActiveCfg = Debug|Any CPU
		{DC4EE03F-70E4-45BB-BF51-0E50030C8645}.Debug|Any CPU.Build.0 = Debug|Any CPU
		{DC4EE03F-70E4-45BB-BF51-0E50030C8645}.Release|Any CPU.ActiveCfg = Release|Any CPU
		{DC4EE03F-70E4-45BB-BF51-0E50030C8645}.Release|Any CPU.Build.0 = Release|Any CPU
		{EE0DAB2A-5379-4757-9F8F-9E3A36B9317A}.Debug|Any CPU.ActiveCfg = Debug|Any CPU
		{EE0DAB2A-5379-4757-9F8F-9E3A36B9317A}.Debug|Any CPU.Build.0 = Debug|Any CPU
		{EE0DAB2A-5379-4757-9F8F-9E3A36B9317A}.Release|Any CPU.ActiveCfg = Release|Any CPU
		{EE0DAB2A-5379-4757-9F8F-9E3A36B9317A}.Release|Any CPU.Build.0 = Release|Any CPU
	EndGlobalSection
	GlobalSection(SolutionProperties) = preSolution
		HideSolutionNode = FALSE
	EndGlobalSection
EndGlobal
